
Microsoft Visual Studio Solution File, Format Version 12.00
# Visual Studio Version 16
VisualStudioVersion = 16.0.30611.23
MinimumVisualStudioVersion = 10.0.40219.1
Project("{FAE04EC0-301F-11D3-BF4B-00C04F79EFBC}") = "Caro", "Caro.csproj", "{A94B5527-3D95-4DB8-8587-E56683237C1F}"
EndProject
Global
	GlobalSection(SolutionConfigurationPlatforms) = preSolution
		Debug|Any CPU = Debug|Any CPU
		Release|Any CPU = Release|Any CPU
	EndGlobalSection
	GlobalSection(ProjectConfigurationPlatforms) = postSolution
		{A94B5527-3D95-4DB8-8587-E56683237C1F}.Debug|Any CPU.ActiveCfg = Debug|Any CPU
		{A94B5527-3D95-4DB8-8587-E56683237C1F}.Debug|Any CPU.Build.0 = Debug|Any CPU
		{A94B5527-3D95-4DB8-8587-E56683237C1F}.Release|Any CPU.ActiveCfg = Release|Any CPU
		{A94B5527-3D95-4DB8-8587-E56683237C1F}.Release|Any CPU.Build.0 = Release|Any CPU
	EndGlobalSection
	GlobalSection(SolutionProperties) = preSolution
		HideSolutionNode = FALSE
	EndGlobalSection
	GlobalSection(ExtensibilityGlobals) = postSolution
		SolutionGuid = {CAE98B0E-8366-4589-A59D-FD67A29B6566}
	EndGlobalSection
EndGlobal
