
Microsoft Visual Studio Solution File, Format Version 12.00
# Visual Studio Version 16
VisualStudioVersion = 16.0.31624.102
MinimumVisualStudioVersion = 10.0.40219.1
Project("{FAE04EC0-301F-11D3-BF4B-00C04F79EFBC}") = "ConsoleApp1", "ConsoleApp1\ConsoleApp1.csproj", "{51AF8E36-2F28-4ADC-9413-BA481C85D70C}"
EndProject
Global
	GlobalSection(SolutionConfigurationPlatforms) = preSolution
		Debug|Any CPU = Debug|Any CPU
		Release|Any CPU = Release|Any CPU
	EndGlobalSection
	GlobalSection(ProjectConfigurationPlatforms) = postSolution
		{51AF8E36-2F28-4ADC-9413-BA481C85D70C}.Debug|Any CPU.ActiveCfg = Debug|Any CPU
		{51AF8E36-2F28-4ADC-9413-BA481C85D70C}.Debug|Any CPU.Build.0 = Debug|Any CPU
		{51AF8E36-2F28-4ADC-9413-BA481C85D70C}.Release|Any CPU.ActiveCfg = Release|Any CPU
		{51AF8E36-2F28-4ADC-9413-BA481C85D70C}.Release|Any CPU.Build.0 = Release|Any CPU
	EndGlobalSection
	GlobalSection(SolutionProperties) = preSolution
		HideSolutionNode = FALSE
	EndGlobalSection
	GlobalSection(ExtensibilityGlobals) = postSolution
		SolutionGuid = {5AE3E76A-FDFF-4DB9-B21C-111C77532083}
	EndGlobalSection
EndGlobal
