
Microsoft Visual Studio Solution File, Format Version 12.00
# Visual Studio Version 16
VisualStudioVersion = 16.0.31624.102
MinimumVisualStudioVersion = 10.0.40219.1
Project("{FAE04EC0-301F-11D3-BF4B-00C04F79EFBC}") = "StuMF", "StuMF\StuMF.csproj", "{B782DF9C-BEAA-43DB-945D-E168CA92F7AD}"
EndProject
Global
	GlobalSection(SolutionConfigurationPlatforms) = preSolution
		Debug|Any CPU = Debug|Any CPU
		Release|Any CPU = Release|Any CPU
	EndGlobalSection
	GlobalSection(ProjectConfigurationPlatforms) = postSolution
		{B782DF9C-BEAA-43DB-945D-E168CA92F7AD}.Debug|Any CPU.ActiveCfg = Debug|Any CPU
		{B782DF9C-BEAA-43DB-945D-E168CA92F7AD}.Debug|Any CPU.Build.0 = Debug|Any CPU
		{B782DF9C-BEAA-43DB-945D-E168CA92F7AD}.Release|Any CPU.ActiveCfg = Release|Any CPU
		{B782DF9C-BEAA-43DB-945D-E168CA92F7AD}.Release|Any CPU.Build.0 = Release|Any CPU
	EndGlobalSection
	GlobalSection(SolutionProperties) = preSolution
		HideSolutionNode = FALSE
	EndGlobalSection
	GlobalSection(ExtensibilityGlobals) = postSolution
		SolutionGuid = {F3313A54-A026-46D6-B60D-E0FC8D4A15B8}
	EndGlobalSection
EndGlobal
