
Microsoft Visual Studio Solution File, Format Version 12.00
# Visual Studio Version 16
VisualStudioVersion = 16.0.31624.102
MinimumVisualStudioVersion = 10.0.40219.1
Project("{FAE04EC0-301F-11D3-BF4B-00C04F79EFBC}") = "StuCF", "StuCF\StuCF.csproj", "{9A40D5E2-3D66-43FD-A49D-982EAA3FCB91}"
EndProject
Global
	GlobalSection(SolutionConfigurationPlatforms) = preSolution
		Debug|Any CPU = Debug|Any CPU
		Release|Any CPU = Release|Any CPU
	EndGlobalSection
	GlobalSection(ProjectConfigurationPlatforms) = postSolution
		{9A40D5E2-3D66-43FD-A49D-982EAA3FCB91}.Debug|Any CPU.ActiveCfg = Debug|Any CPU
		{9A40D5E2-3D66-43FD-A49D-982EAA3FCB91}.Debug|Any CPU.Build.0 = Debug|Any CPU
		{9A40D5E2-3D66-43FD-A49D-982EAA3FCB91}.Release|Any CPU.ActiveCfg = Release|Any CPU
		{9A40D5E2-3D66-43FD-A49D-982EAA3FCB91}.Release|Any CPU.Build.0 = Release|Any CPU
	EndGlobalSection
	GlobalSection(SolutionProperties) = preSolution
		HideSolutionNode = FALSE
	EndGlobalSection
	GlobalSection(ExtensibilityGlobals) = postSolution
		SolutionGuid = {0ABEBDF8-1457-4C20-9D2E-7B6CB7453417}
	EndGlobalSection
EndGlobal
