
Microsoft Visual Studio Solution File, Format Version 12.00
# Visual Studio Version 16
VisualStudioVersion = 16.0.32407.337
MinimumVisualStudioVersion = 10.0.40219.1
Project("{FAE04EC0-301F-11D3-BF4B-00C04F79EFBC}") = "KTRA", "KTRA\KTRA.csproj", "{4C7352BE-C722-494B-9D38-6A9C622779CB}"
EndProject
Global
	GlobalSection(SolutionConfigurationPlatforms) = preSolution
		Debug|Any CPU = Debug|Any CPU
		Release|Any CPU = Release|Any CPU
	EndGlobalSection
	GlobalSection(ProjectConfigurationPlatforms) = postSolution
		{4C7352BE-C722-494B-9D38-6A9C622779CB}.Debug|Any CPU.ActiveCfg = Debug|Any CPU
		{4C7352BE-C722-494B-9D38-6A9C622779CB}.Debug|Any CPU.Build.0 = Debug|Any CPU
		{4C7352BE-C722-494B-9D38-6A9C622779CB}.Release|Any CPU.ActiveCfg = Release|Any CPU
		{4C7352BE-C722-494B-9D38-6A9C622779CB}.Release|Any CPU.Build.0 = Release|Any CPU
	EndGlobalSection
	GlobalSection(SolutionProperties) = preSolution
		HideSolutionNode = FALSE
	EndGlobalSection
	GlobalSection(ExtensibilityGlobals) = postSolution
		SolutionGuid = {F8C224FC-E577-4361-8808-642623A16749}
	EndGlobalSection
EndGlobal
