
Microsoft Visual Studio Solution File, Format Version 12.00
# Visual Studio Version 16
VisualStudioVersion = 16.0.31624.102
MinimumVisualStudioVersion = 10.0.40219.1
Project("{FAE04EC0-301F-11D3-BF4B-00C04F79EFBC}") = "WindowsFormsApp1", "WindowsFormsApp1\WindowsFormsApp1.csproj", "{30329A7A-FA8E-4BB8-8AA9-2C65E600C665}"
EndProject
Global
	GlobalSection(SolutionConfigurationPlatforms) = preSolution
		Debug|Any CPU = Debug|Any CPU
		Release|Any CPU = Release|Any CPU
	EndGlobalSection
	GlobalSection(ProjectConfigurationPlatforms) = postSolution
		{30329A7A-FA8E-4BB8-8AA9-2C65E600C665}.Debug|Any CPU.ActiveCfg = Debug|Any CPU
		{30329A7A-FA8E-4BB8-8AA9-2C65E600C665}.Debug|Any CPU.Build.0 = Debug|Any CPU
		{30329A7A-FA8E-4BB8-8AA9-2C65E600C665}.Release|Any CPU.ActiveCfg = Release|Any CPU
		{30329A7A-FA8E-4BB8-8AA9-2C65E600C665}.Release|Any CPU.Build.0 = Release|Any CPU
	EndGlobalSection
	GlobalSection(SolutionProperties) = preSolution
		HideSolutionNode = FALSE
	EndGlobalSection
	GlobalSection(ExtensibilityGlobals) = postSolution
		SolutionGuid = {9A48309F-639C-43D0-938B-DCF3C9E726FD}
	EndGlobalSection
EndGlobal
